# Auto-generated from uv.lock. Do not edit manually.
# Regenerate: uv lock && uv export --frozen --no-dev --no-hashes -o requirements.lock
# This file was autogenerated by uv via the following command:
#    uv export --frozen --no-dev --no-hashes -o requirements.lock
aiohappyeyeballs==2.6.1
    # via aiohttp
aiohttp==3.13.3
    # via
    #   aiohttp-cors
    #   ray
aiohttp-cors==0.8.1
    # via ray
aiosignal==1.4.0
    # via aiohttp
annotated-doc==0.0.4
    # via
    #   fastapi
    #   typer
annotated-types==0.7.0
    # via pydantic
anyio==4.12.1
    # via
    #   httpx
    #   starlette
    #   watchfiles
attrs==26.1.0
    # via
    #   aiohttp
    #   jsonschema
    #   referencing
awscli==1.44.49
    # via dlc-ray
boto3==1.42.59
    # via dlc-ray
botocore==1.42.59
    # via
    #   awscli
    #   boto3
    #   s3transfer
certifi==2026.2.25
    # via
    #   httpcore
    #   httpx
    #   requests
cffi==2.0.0
    # via
    #   cryptography
    #   soundfile
charset-normalizer==3.4.6
    # via requests
click==8.3.1
    # via
    #   ray
    #   typer
    #   uvicorn
colorama==0.4.6
    # via
    #   awscli
    #   click
    #   colorful
    #   tqdm
    #   uvicorn
colorful==0.5.8
    # via ray
cryptography==46.0.5
    # via google-auth
cuda-bindings==12.9.4 ; platform_machine == 'x86_64' and sys_platform == 'linux'
    # via torch
cuda-pathfinder==1.4.3 ; platform_machine == 'x86_64' and sys_platform == 'linux'
    # via cuda-bindings
distlib==0.4.0
    # via virtualenv
docutils==0.19
    # via awscli
fastapi==0.133.1
    # via
    #   dlc-ray
    #   ray
filelock==3.25.2
    # via
    #   huggingface-hub
    #   python-discovery
    #   ray
    #   torch
    #   virtualenv
frozenlist==1.8.0
    # via
    #   aiohttp
    #   aiosignal
fsspec==2026.2.0
    # via
    #   huggingface-hub
    #   torch
google-api-core==2.30.0
    # via opencensus
google-auth==2.49.1
    # via google-api-core
googleapis-common-protos==1.73.0
    # via google-api-core
grpcio==1.78.0
    # via ray
h11==0.16.0
    # via
    #   httpcore
    #   uvicorn
hf-xet==1.4.2 ; platform_machine == 'AMD64' or platform_machine == 'aarch64' or platform_machine == 'amd64' or platform_machine == 'arm64' or platform_machine == 'x86_64'
    # via huggingface-hub
httpcore==1.0.9
    # via httpx
httptools==0.7.1
    # via uvicorn
httpx==0.28.1
    # via
    #   dlc-ray
    #   huggingface-hub
huggingface-hub==1.7.1
    # via
    #   tokenizers
    #   transformers
idna==3.11
    # via
    #   anyio
    #   httpx
    #   requests
    #   yarl
importlib-metadata==8.7.1
    # via opentelemetry-api
jinja2==3.1.6
    # via torch
jmespath==1.1.0
    # via
    #   boto3
    #   botocore
joblib==1.5.3
    # via scikit-learn
jsonschema==4.26.0
    # via ray
jsonschema-specifications==2025.9.1
    # via jsonschema
markdown-it-py==4.0.0
    # via rich
markupsafe==3.0.3
    # via jinja2
mdurl==0.1.2
    # via markdown-it-py
mpmath==1.3.0
    # via sympy
msgpack==1.1.2
    # via ray
multidict==6.7.1
    # via
    #   aiohttp
    #   yarl
networkx==3.6.1
    # via torch
numpy==2.4.2
    # via
    #   dlc-ray
    #   opencv-python
    #   pandas
    #   scikit-learn
    #   scipy
    #   soundfile
    #   torchvision
    #   transformers
nvidia-cublas-cu12==12.8.4.1 ; platform_machine == 'x86_64' and sys_platform == 'linux'
    # via
    #   nvidia-cudnn-cu12
    #   nvidia-cusolver-cu12
    #   torch
nvidia-cuda-cupti-cu12==12.8.90 ; platform_machine == 'x86_64' and sys_platform == 'linux'
    # via torch
nvidia-cuda-nvrtc-cu12==12.8.93 ; platform_machine == 'x86_64' and sys_platform == 'linux'
    # via torch
nvidia-cuda-runtime-cu12==12.8.90 ; platform_machine == 'x86_64' and sys_platform == 'linux'
    # via torch
nvidia-cudnn-cu12==9.10.2.21 ; platform_machine == 'x86_64' and sys_platform == 'linux'
    # via torch
nvidia-cufft-cu12==11.3.3.83 ; platform_machine == 'x86_64' and sys_platform == 'linux'
    # via torch
nvidia-cufile-cu12==1.13.1.3 ; platform_machine == 'x86_64' and sys_platform == 'linux'
    # via torch
nvidia-curand-cu12==10.3.9.90 ; platform_machine == 'x86_64' and sys_platform == 'linux'
    # via torch
nvidia-cusolver-cu12==11.7.3.90 ; platform_machine == 'x86_64' and sys_platform == 'linux'
    # via torch
nvidia-cusparse-cu12==12.5.8.93 ; platform_machine == 'x86_64' and sys_platform == 'linux'
    # via
    #   nvidia-cusolver-cu12
    #   torch
nvidia-cusparselt-cu12==0.7.1 ; platform_machine == 'x86_64' and sys_platform == 'linux'
    # via torch
nvidia-nccl-cu12==2.27.5 ; platform_machine == 'x86_64' and sys_platform == 'linux'
    # via torch
nvidia-nvjitlink-cu12==12.8.93 ; platform_machine == 'x86_64' and sys_platform == 'linux'
    # via
    #   nvidia-cufft-cu12
    #   nvidia-cusolver-cu12
    #   nvidia-cusparse-cu12
    #   torch
nvidia-nvshmem-cu12==3.4.5 ; platform_machine == 'x86_64' and sys_platform == 'linux'
    # via torch
nvidia-nvtx-cu12==12.8.90 ; platform_machine == 'x86_64' and sys_platform == 'linux'
    # via torch
opencensus==0.11.4
    # via ray
opencensus-context==0.1.3
    # via opencensus
opencv-python==4.13.0.92
    # via dlc-ray
opentelemetry-api==1.40.0
    # via
    #   opentelemetry-exporter-prometheus
    #   opentelemetry-sdk
    #   opentelemetry-semantic-conventions
opentelemetry-exporter-prometheus==0.61b0
    # via ray
opentelemetry-proto==1.40.0
    # via ray
opentelemetry-sdk==1.40.0
    # via
    #   opentelemetry-exporter-prometheus
    #   ray
opentelemetry-semantic-conventions==0.61b0
    # via opentelemetry-sdk
packaging==26.0
    # via
    #   huggingface-hub
    #   ray
    #   transformers
pandas==3.0.1
    # via dlc-ray
pillow==12.1.1
    # via
    #   dlc-ray
    #   torchvision
pip==26.0.1
    # via dlc-ray
platformdirs==4.9.4
    # via
    #   python-discovery
    #   virtualenv
prometheus-client==0.24.1
    # via
    #   opentelemetry-exporter-prometheus
    #   ray
propcache==0.4.1
    # via
    #   aiohttp
    #   yarl
proto-plus==1.27.1
    # via google-api-core
protobuf==6.33.6
    # via
    #   google-api-core
    #   googleapis-common-protos
    #   opentelemetry-proto
    #   proto-plus
    #   ray
py-spy==0.4.1
    # via ray
pyasn1==0.6.3
    # via
    #   pyasn1-modules
    #   rsa
pyasn1-modules==0.4.2
    # via google-auth
pycparser==3.0 ; implementation_name != 'PyPy'
    # via cffi
pydantic==2.12.5
    # via
    #   fastapi
    #   ray
pydantic-core==2.41.5
    # via pydantic
pygments==2.19.2
    # via rich
python-dateutil==2.9.0.post0
    # via
    #   botocore
    #   pandas
python-discovery==1.2.0
    # via virtualenv
python-dotenv==1.2.2
    # via uvicorn
pyyaml==6.0.3
    # via
    #   awscli
    #   dlc-ray
    #   huggingface-hub
    #   ray
    #   transformers
    #   uvicorn
ray==2.54.0
    # via dlc-ray
referencing==0.37.0
    # via
    #   jsonschema
    #   jsonschema-specifications
regex==2026.2.28
    # via transformers
requests==2.32.5
    # via
    #   google-api-core
    #   ray
rich==14.3.3
    # via typer
rpds-py==0.30.0
    # via
    #   jsonschema
    #   referencing
rsa==4.7.2
    # via awscli
s3transfer==0.16.0
    # via
    #   awscli
    #   boto3
safetensors==0.7.0
    # via transformers
scikit-learn==1.8.0
    # via dlc-ray
scipy==1.17.1
    # via scikit-learn
setuptools==82.0.1
    # via torch
shellingham==1.5.4
    # via typer
six==1.17.0
    # via
    #   opencensus
    #   python-dateutil
smart-open==7.5.1
    # via ray
soundfile==0.13.1
    # via dlc-ray
starlette==0.52.1
    # via
    #   fastapi
    #   ray
sympy==1.14.0
    # via torch
threadpoolctl==3.6.0
    # via scikit-learn
tokenizers==0.22.2
    # via transformers
torch==2.10.0
    # via
    #   dlc-ray
    #   torchaudio
    #   torchvision
torchaudio==2.10.0
    # via dlc-ray
torchcodec==0.10.0
    # via dlc-ray
torchvision==0.25.0
    # via dlc-ray
tqdm==4.67.3
    # via
    #   huggingface-hub
    #   transformers
transformers==5.2.0
    # via dlc-ray
triton==3.6.0 ; platform_machine == 'x86_64' and sys_platform == 'linux'
    # via torch
typer==0.24.1
    # via
    #   huggingface-hub
    #   typer-slim
typer-slim==0.24.0
    # via transformers
typing-extensions==4.15.0
    # via
    #   fastapi
    #   grpcio
    #   huggingface-hub
    #   opentelemetry-api
    #   opentelemetry-sdk
    #   opentelemetry-semantic-conventions
    #   pydantic
    #   pydantic-core
    #   torch
    #   typing-inspection
typing-inspection==0.4.2
    # via
    #   fastapi
    #   pydantic
tzdata==2025.3 ; sys_platform == 'emscripten' or sys_platform == 'win32'
    # via pandas
urllib3==2.6.3
    # via
    #   botocore
    #   requests
uvicorn==0.41.0
    # via
    #   dlc-ray
    #   ray
uvloop==0.22.1 ; platform_python_implementation != 'PyPy' and sys_platform != 'cygwin' and sys_platform != 'win32'
    # via uvicorn
virtualenv==21.2.0
    # via ray
watchfiles==1.1.1
    # via
    #   ray
    #   uvicorn
websockets==16.0
    # via uvicorn
wrapt==2.1.2
    # via smart-open
yarl==1.23.0
    # via aiohttp
zipp==3.23.0
    # via importlib-metadata
