version = 1
revision = 3
requires-python = "==3.13.*"

[[package]]
name = "awslambdaric"
version = "4.0.0"
source = { registry = "https://pypi.org/simple" }
dependencies = [
    { name = "simplejson" },
    { name = "snapshot-restore-py" },
]
sdist = { url = "https://files.pythonhosted.org/packages/98/cf/0493b0098ce2b1bcf30aaee72dcac43cd778e9cb45fe26626be5a75d8b91/awslambdaric-4.0.0.tar.gz", hash = "sha256:779d0721e60239233aec572fe336d147d1c3c4e405f7e56be7548b4dfececb35", size = 4502786, upload-time = "2026-02-20T16:00:19.615Z" }
wheels = [
    { url = "https://files.pythonhosted.org/packages/8a/c3/90a46ddc41a481f13a534f5fd30356fb7edc9273bca89386c75fb9662847/awslambdaric-4.0.0-cp313-cp313-manylinux2014_aarch64.manylinux_2_17_aarch64.whl", hash = "sha256:e1660334f5f713e8880924bfce14c52767c0767f9462885ca469427a1df2f15d", size = 345444, upload-time = "2026-02-20T16:00:10.509Z" },
    { url = "https://files.pythonhosted.org/packages/53/73/543b45e29ea4fa2be0cbbc8e834a2a02480f9f952fc18068d138da7d36f3/awslambdaric-4.0.0-cp313-cp313-manylinux2014_x86_64.manylinux_2_17_x86_64.whl", hash = "sha256:1833a7af1c3494d266c21133aa4e9bb5e3c7408af6ac7675986f70ff2fad0d90", size = 348077, upload-time = "2026-02-20T16:01:07.906Z" },
    { url = "https://files.pythonhosted.org/packages/fb/cc/578f27e11233fd35bf37dc60d6a7b952ad25984a72b4db8ec13ba1123c75/awslambdaric-4.0.0-cp313-cp313t-manylinux2014_aarch64.manylinux_2_17_aarch64.whl", hash = "sha256:8b9f6d5a33bfb2abf2bd755e9921dc4affad83b512da8653ada65e8defcb04c4", size = 347255, upload-time = "2026-02-20T16:00:12.049Z" },
    { url = "https://files.pythonhosted.org/packages/67/bd/f405316fae2651269ef639f1ae52df4128030932daca543904a8d04e28e9/awslambdaric-4.0.0-cp313-cp313t-manylinux2014_x86_64.manylinux_2_17_x86_64.whl", hash = "sha256:7687637d074e5ad57e5d23305c6acfad2d63e55062f627e4d4888762effe43b0", size = 349538, upload-time = "2026-02-20T16:01:09.35Z" },
]

[[package]]
name = "boto3"
version = "1.40.4"
source = { registry = "https://pypi.org/simple" }
dependencies = [
    { name = "botocore" },
    { name = "jmespath" },
    { name = "s3transfer" },
]
sdist = { url = "https://files.pythonhosted.org/packages/45/dd/485d58afea6bf58638c0dbd7716d1505a80735cb94e9faececcccb1d1b31/boto3-1.40.4.tar.gz", hash = "sha256:6eceffe4ae67c2cb077574289c0efe3ba60e8446646893a974fc3c2fa1130e7c", size = 112020, upload-time = "2025-08-06T19:35:03.294Z" }
wheels = [
    { url = "https://files.pythonhosted.org/packages/ba/57/3f57dbab55802e4e8fef1cd45b5d30411de44f0f9cf9c78594c75a2bea46/boto3-1.40.4-py3-none-any.whl", hash = "sha256:95cdc86454e9ff43e0693c5d807a54ce6813b6711d3543a0052ead5216b93367", size = 140060, upload-time = "2025-08-06T19:35:01.093Z" },
]

[[package]]
name = "botocore"
version = "1.40.76"
source = { registry = "https://pypi.org/simple" }
dependencies = [
    { name = "jmespath" },
    { name = "python-dateutil" },
    { name = "urllib3" },
]
sdist = { url = "https://files.pythonhosted.org/packages/07/eb/50e2d280589a3c20c3b649bb66262d2b53a25c03262e4cc492048ac7540a/botocore-1.40.76.tar.gz", hash = "sha256:2b16024d68b29b973005adfb5039adfe9099ebe772d40a90ca89f2e165c495dc", size = 14494001, upload-time = "2025-11-18T20:22:59.131Z" }
wheels = [
    { url = "https://files.pythonhosted.org/packages/7f/6c/522e05388aa6fc66cf8ea46c6b29809a1a6f527ea864998b01ffb368ca36/botocore-1.40.76-py3-none-any.whl", hash = "sha256:fe425d386e48ac64c81cbb4a7181688d813df2e2b4c78b95ebe833c9e868c6f4", size = 14161738, upload-time = "2025-11-18T20:22:55.332Z" },
]

[[package]]
name = "certifi"
version = "2026.2.25"
source = { registry = "https://pypi.org/simple" }
sdist = { url = "https://files.pythonhosted.org/packages/af/2d/7bf41579a8986e348fa033a31cdd0e4121114f6bce2457e8876010b092dd/certifi-2026.2.25.tar.gz", hash = "sha256:e887ab5cee78ea814d3472169153c2d12cd43b14bd03329a39a9c6e2e80bfba7", size = 155029, upload-time = "2026-02-25T02:54:17.342Z" }
wheels = [
    { url = "https://files.pythonhosted.org/packages/9a/3c/c17fb3ca2d9c3acff52e30b309f538586f9f5b9c9cf454f3845fc9af4881/certifi-2026.2.25-py3-none-any.whl", hash = "sha256:027692e4402ad994f1c42e52a4997a9763c646b73e4096e4d5d6db8af1d6f0fa", size = 153684, upload-time = "2026-02-25T02:54:15.766Z" },
]

[[package]]
name = "charset-normalizer"
version = "3.4.6"
source = { registry = "https://pypi.org/simple" }
sdist = { url = "https://files.pythonhosted.org/packages/7b/60/e3bec1881450851b087e301bedc3daa9377a4d45f1c26aa90b0b235e38aa/charset_normalizer-3.4.6.tar.gz", hash = "sha256:1ae6b62897110aa7c79ea2f5dd38d1abca6db663687c0b1ad9aed6f6bae3d9d6", size = 143363, upload-time = "2026-03-15T18:53:25.478Z" }
wheels = [
    { url = "https://files.pythonhosted.org/packages/1e/1d/4fdabeef4e231153b6ed7567602f3b68265ec4e5b76d6024cf647d43d981/charset_normalizer-3.4.6-cp313-cp313-macosx_10_13_universal2.whl", hash = "sha256:11afb56037cbc4b1555a34dd69151e8e069bee82e613a73bef6e714ce733585f", size = 294823, upload-time = "2026-03-15T18:51:15.755Z" },
    { url = "https://files.pythonhosted.org/packages/47/7b/20e809b89c69d37be748d98e84dce6820bf663cf19cf6b942c951a3e8f41/charset_normalizer-3.4.6-cp313-cp313-manylinux2014_aarch64.manylinux_2_17_aarch64.manylinux_2_28_aarch64.whl", hash = "sha256:423fb7e748a08f854a08a222b983f4df1912b1daedce51a72bd24fe8f26a1843", size = 198527, upload-time = "2026-03-15T18:51:17.177Z" },
    { url = "https://files.pythonhosted.org/packages/37/a6/4f8d27527d59c039dce6f7622593cdcd3d70a8504d87d09eb11e9fdc6062/charset_normalizer-3.4.6-cp313-cp313-manylinux2014_ppc64le.manylinux_2_17_ppc64le.manylinux_2_28_ppc64le.whl", hash = "sha256:d73beaac5e90173ac3deb9928a74763a6d230f494e4bfb422c217a0ad8e629bf", size = 218388, upload-time = "2026-03-15T18:51:18.934Z" },
    { url = "https://files.pythonhosted.org/packages/f6/9b/4770ccb3e491a9bacf1c46cc8b812214fe367c86a96353ccc6daf87b01ec/charset_normalizer-3.4.6-cp313-cp313-manylinux2014_s390x.manylinux_2_17_s390x.manylinux_2_28_s390x.whl", hash = "sha256:d60377dce4511655582e300dc1e5a5f24ba0cb229005a1d5c8d0cb72bb758ab8", size = 214563, upload-time = "2026-03-15T18:51:20.374Z" },
    { url = "https://files.pythonhosted.org/packages/2b/58/a199d245894b12db0b957d627516c78e055adc3a0d978bc7f65ddaf7c399/charset_normalizer-3.4.6-cp313-cp313-manylinux2014_x86_64.manylinux_2_17_x86_64.manylinux_2_28_x86_64.whl", hash = "sha256:530e8cebeea0d76bdcf93357aa5e41336f48c3dc709ac52da2bb167c5b8271d9", size = 206587, upload-time = "2026-03-15T18:51:21.807Z" },
    { url = "https://files.pythonhosted.org/packages/7e/70/3def227f1ec56f5c69dfc8392b8bd63b11a18ca8178d9211d7cc5e5e4f27/charset_normalizer-3.4.6-cp313-cp313-manylinux_2_31_armv7l.whl", hash = "sha256:a26611d9987b230566f24a0a125f17fe0de6a6aff9f25c9f564aaa2721a5fb88", size = 194724, upload-time = "2026-03-15T18:51:23.508Z" },
    { url = "https://files.pythonhosted.org/packages/58/ab/9318352e220c05efd31c2779a23b50969dc94b985a2efa643ed9077bfca5/charset_normalizer-3.4.6-cp313-cp313-manylinux_2_31_riscv64.manylinux_2_39_riscv64.whl", hash = "sha256:34315ff4fc374b285ad7f4a0bf7dcbfe769e1b104230d40f49f700d4ab6bbd84", size = 202956, upload-time = "2026-03-15T18:51:25.239Z" },
    { url = "https://files.pythonhosted.org/packages/75/13/f3550a3ac25b70f87ac98c40d3199a8503676c2f1620efbf8d42095cfc40/charset_normalizer-3.4.6-cp313-cp313-musllinux_1_2_aarch64.whl", hash = "sha256:5f8ddd609f9e1af8c7bd6e2aca279c931aefecd148a14402d4e368f3171769fd", size = 201923, upload-time = "2026-03-15T18:51:26.682Z" },
    { url = "https://files.pythonhosted.org/packages/1b/db/c5c643b912740b45e8eec21de1bbab8e7fc085944d37e1e709d3dcd9d72f/charset_normalizer-3.4.6-cp313-cp313-musllinux_1_2_armv7l.whl", hash = "sha256:80d0a5615143c0b3225e5e3ef22c8d5d51f3f72ce0ea6fb84c943546c7b25b6c", size = 195366, upload-time = "2026-03-15T18:51:28.129Z" },
    { url = "https://files.pythonhosted.org/packages/5a/67/3b1c62744f9b2448443e0eb160d8b001c849ec3fef591e012eda6484787c/charset_normalizer-3.4.6-cp313-cp313-musllinux_1_2_ppc64le.whl", hash = "sha256:92734d4d8d187a354a556626c221cd1a892a4e0802ccb2af432a1d85ec012194", size = 219752, upload-time = "2026-03-15T18:51:29.556Z" },
    { url = "https://files.pythonhosted.org/packages/f6/98/32ffbaf7f0366ffb0445930b87d103f6b406bc2c271563644bde8a2b1093/charset_normalizer-3.4.6-cp313-cp313-musllinux_1_2_riscv64.whl", hash = "sha256:613f19aa6e082cf96e17e3ffd89383343d0d589abda756b7764cf78361fd41dc", size = 203296, upload-time = "2026-03-15T18:51:30.921Z" },
    { url = "https://files.pythonhosted.org/packages/41/12/5d308c1bbe60cabb0c5ef511574a647067e2a1f631bc8634fcafaccd8293/charset_normalizer-3.4.6-cp313-cp313-musllinux_1_2_s390x.whl", hash = "sha256:2b1a63e8224e401cafe7739f77efd3f9e7f5f2026bda4aead8e59afab537784f", size = 215956, upload-time = "2026-03-15T18:51:32.399Z" },
    { url = "https://files.pythonhosted.org/packages/53/e9/5f85f6c5e20669dbe56b165c67b0260547dea97dba7e187938833d791687/charset_normalizer-3.4.6-cp313-cp313-musllinux_1_2_x86_64.whl", hash = "sha256:6cceb5473417d28edd20c6c984ab6fee6c6267d38d906823ebfe20b03d607dc2", size = 208652, upload-time = "2026-03-15T18:51:34.214Z" },
    { url = "https://files.pythonhosted.org/packages/f1/11/897052ea6af56df3eef3ca94edafee410ca699ca0c7b87960ad19932c55e/charset_normalizer-3.4.6-cp313-cp313-win32.whl", hash = "sha256:d7de2637729c67d67cf87614b566626057e95c303bc0a55ffe391f5205e7003d", size = 143940, upload-time = "2026-03-15T18:51:36.15Z" },
    { url = "https://files.pythonhosted.org/packages/a1/5c/724b6b363603e419829f561c854b87ed7c7e31231a7908708ac086cdf3e2/charset_normalizer-3.4.6-cp313-cp313-win_amd64.whl", hash = "sha256:572d7c822caf521f0525ba1bce1a622a0b85cf47ffbdae6c9c19e3b5ac3c4389", size = 154101, upload-time = "2026-03-15T18:51:37.876Z" },
    { url = "https://files.pythonhosted.org/packages/01/a5/7abf15b4c0968e47020f9ca0935fb3274deb87cb288cd187cad92e8cdffd/charset_normalizer-3.4.6-cp313-cp313-win_arm64.whl", hash = "sha256:a4474d924a47185a06411e0064b803c68be044be2d60e50e8bddcc2649957c1f", size = 143109, upload-time = "2026-03-15T18:51:39.565Z" },
    { url = "https://files.pythonhosted.org/packages/2a/68/687187c7e26cb24ccbd88e5069f5ef00eba804d36dde11d99aad0838ab45/charset_normalizer-3.4.6-py3-none-any.whl", hash = "sha256:947cf925bc916d90adba35a64c82aace04fa39b46b52d4630ece166655905a69", size = 61455, upload-time = "2026-03-15T18:53:23.833Z" },
]

[[package]]
name = "colorama"
version = "0.4.6"
source = { registry = "https://pypi.org/simple" }
sdist = { url = "https://files.pythonhosted.org/packages/d8/53/6f443c9a4a8358a93a6792e2acffb9d9d5cb0a5cfd8802644b7b1c9a02e4/colorama-0.4.6.tar.gz", hash = "sha256:08695f5cb7ed6e0531a20572697297273c47b8cae5a63ffc6d6ed5c201be6e44", size = 27697, upload-time = "2022-10-25T02:36:22.414Z" }
wheels = [
    { url = "https://files.pythonhosted.org/packages/d1/d6/3965ed04c63042e047cb6a3e6ed1a63a35087b6a609aa3a15ed8ac56c221/colorama-0.4.6-py2.py3-none-any.whl", hash = "sha256:4f1d9991f5acc0ca119f9d443620b77f9d6b33703e51011c16baf57afb285fc6", size = 25335, upload-time = "2022-10-25T02:36:20.889Z" },
]

[[package]]
name = "idna"
version = "3.11"
source = { registry = "https://pypi.org/simple" }
sdist = { url = "https://files.pythonhosted.org/packages/6f/6d/0703ccc57f3a7233505399edb88de3cbd678da106337b9fcde432b65ed60/idna-3.11.tar.gz", hash = "sha256:795dafcc9c04ed0c1fb032c2aa73654d8e8c5023a7df64a53f39190ada629902", size = 194582, upload-time = "2025-10-12T14:55:20.501Z" }
wheels = [
    { url = "https://files.pythonhosted.org/packages/0e/61/66938bbb5fc52dbdf84594873d5b51fb1f7c7794e9c0f5bd885f30bc507b/idna-3.11-py3-none-any.whl", hash = "sha256:771a87f49d9defaf64091e6e6fe9c18d4833f140bd19464795bc32d966ca37ea", size = 71008, upload-time = "2025-10-12T14:55:18.883Z" },
]

[[package]]
name = "iniconfig"
version = "2.3.0"
source = { registry = "https://pypi.org/simple" }
sdist = { url = "https://files.pythonhosted.org/packages/72/34/14ca021ce8e5dfedc35312d08ba8bf51fdd999c576889fc2c24cb97f4f10/iniconfig-2.3.0.tar.gz", hash = "sha256:c76315c77db068650d49c5b56314774a7804df16fee4402c1f19d6d15d8c4730", size = 20503, upload-time = "2025-10-18T21:55:43.219Z" }
wheels = [
    { url = "https://files.pythonhosted.org/packages/cb/b1/3846dd7f199d53cb17f49cba7e651e9ce294d8497c8c150530ed11865bb8/iniconfig-2.3.0-py3-none-any.whl", hash = "sha256:f631c04d2c48c52b84d0d0549c99ff3859c98df65b3101406327ecc7d53fbf12", size = 7484, upload-time = "2025-10-18T21:55:41.639Z" },
]

[[package]]
name = "jmespath"
version = "1.1.0"
source = { registry = "https://pypi.org/simple" }
sdist = { url = "https://files.pythonhosted.org/packages/d3/59/322338183ecda247fb5d1763a6cbe46eff7222eaeebafd9fa65d4bf5cb11/jmespath-1.1.0.tar.gz", hash = "sha256:472c87d80f36026ae83c6ddd0f1d05d4e510134ed462851fd5f754c8c3cbb88d", size = 27377, upload-time = "2026-01-22T16:35:26.279Z" }
wheels = [
    { url = "https://files.pythonhosted.org/packages/14/2f/967ba146e6d58cf6a652da73885f52fc68001525b4197effc174321d70b4/jmespath-1.1.0-py3-none-any.whl", hash = "sha256:a5663118de4908c91729bea0acadca56526eb2698e83de10cd116ae0f4e97c64", size = 20419, upload-time = "2026-01-22T16:35:24.919Z" },
]

[[package]]
name = "lambda-base"
version = "1.0.0"
source = { virtual = "." }
dependencies = [
    { name = "awslambdaric" },
    { name = "boto3" },
    { name = "pip" },
    { name = "pip-licenses" },
    { name = "pytest" },
    { name = "requests" },
    { name = "setuptools" },
    { name = "urllib3" },
]

[package.metadata]
requires-dist = [
    { name = "awslambdaric", specifier = "==4.0.0" },
    { name = "boto3", specifier = "==1.40.4" },
    { name = "pip", specifier = "==26.0.1" },
    { name = "pip-licenses", specifier = "==5.5.1" },
    { name = "pytest", specifier = "==8.4.1" },
    { name = "requests", specifier = "==2.33.1" },
    { name = "setuptools", specifier = "==82.0.1" },
    { name = "urllib3", specifier = "==2.6.3" },
]

[[package]]
name = "packaging"
version = "26.0"
source = { registry = "https://pypi.org/simple" }
sdist = { url = "https://files.pythonhosted.org/packages/65/ee/299d360cdc32edc7d2cf530f3accf79c4fca01e96ffc950d8a52213bd8e4/packaging-26.0.tar.gz", hash = "sha256:00243ae351a257117b6a241061796684b084ed1c516a08c48a3f7e147a9d80b4", size = 143416, upload-time = "2026-01-21T20:50:39.064Z" }
wheels = [
    { url = "https://files.pythonhosted.org/packages/b7/b9/c538f279a4e237a006a2c98387d081e9eb060d203d8ed34467cc0f0b9b53/packaging-26.0-py3-none-any.whl", hash = "sha256:b36f1fef9334a5588b4166f8bcd26a14e521f2b55e6b9de3aaa80d3ff7a37529", size = 74366, upload-time = "2026-01-21T20:50:37.788Z" },
]

[[package]]
name = "pip"
version = "26.0.1"
source = { registry = "https://pypi.org/simple" }
sdist = { url = "https://files.pythonhosted.org/packages/48/83/0d7d4e9efe3344b8e2fe25d93be44f64b65364d3c8d7bc6dc90198d5422e/pip-26.0.1.tar.gz", hash = "sha256:c4037d8a277c89b320abe636d59f91e6d0922d08a05b60e85e53b296613346d8", size = 1812747, upload-time = "2026-02-05T02:20:18.702Z" }
wheels = [
    { url = "https://files.pythonhosted.org/packages/de/f0/c81e05b613866b76d2d1066490adf1a3dbc4ee9d9c839961c3fc8a6997af/pip-26.0.1-py3-none-any.whl", hash = "sha256:bdb1b08f4274833d62c1aa29e20907365a2ceb950410df15fc9521bad440122b", size = 1787723, upload-time = "2026-02-05T02:20:16.416Z" },
]

[[package]]
name = "pip-licenses"
version = "5.5.1"
source = { registry = "https://pypi.org/simple" }
dependencies = [
    { name = "prettytable" },
]
sdist = { url = "https://files.pythonhosted.org/packages/44/4c/b4be9024dae3b5b3c0a6c58cc1d4a35fffe51c3adb835350cb7dcd43b5cd/pip_licenses-5.5.1.tar.gz", hash = "sha256:7df370e6e5024a3f7449abf8e4321ef868ba9a795698ad24ab6851f3e7fc65a7", size = 49108, upload-time = "2026-01-27T21:46:41.432Z" }
wheels = [
    { url = "https://files.pythonhosted.org/packages/a0/a3/0b369cdffef3746157712804f1ded9856c75aa060217ee206f742c74e753/pip_licenses-5.5.1-py3-none-any.whl", hash = "sha256:ed5e229a93760e529cfa7edaec6630b5a2cd3874c1bddb8019e5f18a723fdead", size = 22108, upload-time = "2026-01-27T21:46:39.766Z" },
]

[[package]]
name = "pluggy"
version = "1.6.0"
source = { registry = "https://pypi.org/simple" }
sdist = { url = "https://files.pythonhosted.org/packages/f9/e2/3e91f31a7d2b083fe6ef3fa267035b518369d9511ffab804f839851d2779/pluggy-1.6.0.tar.gz", hash = "sha256:7dcc130b76258d33b90f61b658791dede3486c3e6bfb003ee5c9bfb396dd22f3", size = 69412, upload-time = "2025-05-15T12:30:07.975Z" }
wheels = [
    { url = "https://files.pythonhosted.org/packages/54/20/4d324d65cc6d9205fabedc306948156824eb9f0ee1633355a8f7ec5c66bf/pluggy-1.6.0-py3-none-any.whl", hash = "sha256:e920276dd6813095e9377c0bc5566d94c932c33b27a3e3945d8389c374dd4746", size = 20538, upload-time = "2025-05-15T12:30:06.134Z" },
]

[[package]]
name = "prettytable"
version = "3.17.0"
source = { registry = "https://pypi.org/simple" }
dependencies = [
    { name = "wcwidth" },
]
sdist = { url = "https://files.pythonhosted.org/packages/79/45/b0847d88d6cfeb4413566738c8bbf1e1995fad3d42515327ff32cc1eb578/prettytable-3.17.0.tar.gz", hash = "sha256:59f2590776527f3c9e8cf9fe7b66dd215837cca96a9c39567414cbc632e8ddb0", size = 67892, upload-time = "2025-11-14T17:33:20.212Z" }
wheels = [
    { url = "https://files.pythonhosted.org/packages/ee/8c/83087ebc47ab0396ce092363001fa37c17153119ee282700c0713a195853/prettytable-3.17.0-py3-none-any.whl", hash = "sha256:aad69b294ddbe3e1f95ef8886a060ed1666a0b83018bbf56295f6f226c43d287", size = 34433, upload-time = "2025-11-14T17:33:19.093Z" },
]

[[package]]
name = "pygments"
version = "2.19.2"
source = { registry = "https://pypi.org/simple" }
sdist = { url = "https://files.pythonhosted.org/packages/b0/77/a5b8c569bf593b0140bde72ea885a803b82086995367bf2037de0159d924/pygments-2.19.2.tar.gz", hash = "sha256:636cb2477cec7f8952536970bc533bc43743542f70392ae026374600add5b887", size = 4968631, upload-time = "2025-06-21T13:39:12.283Z" }
wheels = [
    { url = "https://files.pythonhosted.org/packages/c7/21/705964c7812476f378728bdf590ca4b771ec72385c533964653c68e86bdc/pygments-2.19.2-py3-none-any.whl", hash = "sha256:86540386c03d588bb81d44bc3928634ff26449851e99741617ecb9037ee5ec0b", size = 1225217, upload-time = "2025-06-21T13:39:07.939Z" },
]

[[package]]
name = "pytest"
version = "8.4.1"
source = { registry = "https://pypi.org/simple" }
dependencies = [
    { name = "colorama", marker = "sys_platform == 'win32'" },
    { name = "iniconfig" },
    { name = "packaging" },
    { name = "pluggy" },
    { name = "pygments" },
]
sdist = { url = "https://files.pythonhosted.org/packages/08/ba/45911d754e8eba3d5a841a5ce61a65a685ff1798421ac054f85aa8747dfb/pytest-8.4.1.tar.gz", hash = "sha256:7c67fd69174877359ed9371ec3af8a3d2b04741818c51e5e99cc1742251fa93c", size = 1517714, upload-time = "2025-06-18T05:48:06.109Z" }
wheels = [
    { url = "https://files.pythonhosted.org/packages/29/16/c8a903f4c4dffe7a12843191437d7cd8e32751d5de349d45d3fe69544e87/pytest-8.4.1-py3-none-any.whl", hash = "sha256:539c70ba6fcead8e78eebbf1115e8b589e7565830d7d006a8723f19ac8a0afb7", size = 365474, upload-time = "2025-06-18T05:48:03.955Z" },
]

[[package]]
name = "python-dateutil"
version = "2.9.0.post0"
source = { registry = "https://pypi.org/simple" }
dependencies = [
    { name = "six" },
]
sdist = { url = "https://files.pythonhosted.org/packages/66/c0/0c8b6ad9f17a802ee498c46e004a0eb49bc148f2fd230864601a86dcf6db/python-dateutil-2.9.0.post0.tar.gz", hash = "sha256:37dd54208da7e1cd875388217d5e00ebd4179249f90fb72437e91a35459a0ad3", size = 342432, upload-time = "2024-03-01T18:36:20.211Z" }
wheels = [
    { url = "https://files.pythonhosted.org/packages/ec/57/56b9bcc3c9c6a792fcbaf139543cee77261f3651ca9da0c93f5c1221264b/python_dateutil-2.9.0.post0-py2.py3-none-any.whl", hash = "sha256:a8b2bc7bffae282281c8140a97d3aa9c14da0b136dfe83f850eea9a5f7470427", size = 229892, upload-time = "2024-03-01T18:36:18.57Z" },
]

[[package]]
name = "requests"
version = "2.33.1"
source = { registry = "https://pypi.org/simple" }
dependencies = [
    { name = "certifi" },
    { name = "charset-normalizer" },
    { name = "idna" },
    { name = "urllib3" },
]
sdist = { url = "https://files.pythonhosted.org/packages/5f/a4/98b9c7c6428a668bf7e42ebb7c79d576a1c3c1e3ae2d47e674b468388871/requests-2.33.1.tar.gz", hash = "sha256:18817f8c57c6263968bc123d237e3b8b08ac046f5456bd1e307ee8f4250d3517", size = 134120, upload-time = "2026-03-30T16:09:15.531Z" }
wheels = [
    { url = "https://files.pythonhosted.org/packages/d7/8e/7540e8a2036f79a125c1d2ebadf69ed7901608859186c856fa0388ef4197/requests-2.33.1-py3-none-any.whl", hash = "sha256:4e6d1ef462f3626a1f0a0a9c42dd93c63bad33f9f1c1937509b8c5c8718ab56a", size = 64947, upload-time = "2026-03-30T16:09:13.83Z" },
]

[[package]]
name = "s3transfer"
version = "0.13.1"
source = { registry = "https://pypi.org/simple" }
dependencies = [
    { name = "botocore" },
]
sdist = { url = "https://files.pythonhosted.org/packages/6d/05/d52bf1e65044b4e5e27d4e63e8d1579dbdec54fce685908ae09bc3720030/s3transfer-0.13.1.tar.gz", hash = "sha256:c3fdba22ba1bd367922f27ec8032d6a1cf5f10c934fb5d68cf60fd5a23d936cf", size = 150589, upload-time = "2025-07-18T19:22:42.31Z" }
wheels = [
    { url = "https://files.pythonhosted.org/packages/6d/4f/d073e09df851cfa251ef7840007d04db3293a0482ce607d2b993926089be/s3transfer-0.13.1-py3-none-any.whl", hash = "sha256:a981aa7429be23fe6dfc13e80e4020057cbab622b08c0315288758d67cabc724", size = 85308, upload-time = "2025-07-18T19:22:40.947Z" },
]

[[package]]
name = "setuptools"
version = "82.0.1"
source = { registry = "https://pypi.org/simple" }
sdist = { url = "https://files.pythonhosted.org/packages/4f/db/cfac1baf10650ab4d1c111714410d2fbb77ac5a616db26775db562c8fab2/setuptools-82.0.1.tar.gz", hash = "sha256:7d872682c5d01cfde07da7bccc7b65469d3dca203318515ada1de5eda35efbf9", size = 1152316, upload-time = "2026-03-09T12:47:17.221Z" }
wheels = [
    { url = "https://files.pythonhosted.org/packages/9d/76/f789f7a86709c6b087c5a2f52f911838cad707cc613162401badc665acfe/setuptools-82.0.1-py3-none-any.whl", hash = "sha256:a59e362652f08dcd477c78bb6e7bd9d80a7995bc73ce773050228a348ce2e5bb", size = 1006223, upload-time = "2026-03-09T12:47:15.026Z" },
]

[[package]]
name = "simplejson"
version = "3.20.2"
source = { registry = "https://pypi.org/simple" }
sdist = { url = "https://files.pythonhosted.org/packages/41/f4/a1ac5ed32f7ed9a088d62a59d410d4c204b3b3815722e2ccfb491fa8251b/simplejson-3.20.2.tar.gz", hash = "sha256:5fe7a6ce14d1c300d80d08695b7f7e633de6cd72c80644021874d985b3393649", size = 85784, upload-time = "2025-09-26T16:29:36.64Z" }
wheels = [
    { url = "https://files.pythonhosted.org/packages/5e/9e/f326d43f6bf47f4e7704a4426c36e044c6bedfd24e072fb8e27589a373a5/simplejson-3.20.2-cp313-cp313-macosx_10_13_universal2.whl", hash = "sha256:90d311ba8fcd733a3677e0be21804827226a57144130ba01c3c6a325e887dd86", size = 93530, upload-time = "2025-09-26T16:28:18.07Z" },
    { url = "https://files.pythonhosted.org/packages/35/28/5a4b8f3483fbfb68f3f460bc002cef3a5735ef30950e7c4adce9c8da15c7/simplejson-3.20.2-cp313-cp313-macosx_10_13_x86_64.whl", hash = "sha256:feed6806f614bdf7f5cb6d0123cb0c1c5f40407ef103aa935cffaa694e2e0c74", size = 75846, upload-time = "2025-09-26T16:28:19.12Z" },
    { url = "https://files.pythonhosted.org/packages/7a/4d/30dfef83b9ac48afae1cf1ab19c2867e27b8d22b5d9f8ca7ce5a0a157d8c/simplejson-3.20.2-cp313-cp313-macosx_11_0_arm64.whl", hash = "sha256:6b1d8d7c3e1a205c49e1aee6ba907dcb8ccea83651e6c3e2cb2062f1e52b0726", size = 75661, upload-time = "2025-09-26T16:28:20.219Z" },
    { url = "https://files.pythonhosted.org/packages/09/1d/171009bd35c7099d72ef6afd4bb13527bab469965c968a17d69a203d62a6/simplejson-3.20.2-cp313-cp313-manylinux_2_17_aarch64.manylinux2014_aarch64.whl", hash = "sha256:552f55745044a24c3cb7ec67e54234be56d5d6d0e054f2e4cf4fb3e297429be5", size = 150579, upload-time = "2025-09-26T16:28:21.337Z" },
    { url = "https://files.pythonhosted.org/packages/61/ae/229bbcf90a702adc6bfa476e9f0a37e21d8c58e1059043038797cbe75b8c/simplejson-3.20.2-cp313-cp313-manylinux_2_17_ppc64le.manylinux2014_ppc64le.whl", hash = "sha256:c2da97ac65165d66b0570c9e545786f0ac7b5de5854d3711a16cacbcaa8c472d", size = 158797, upload-time = "2025-09-26T16:28:22.53Z" },
    { url = "https://files.pythonhosted.org/packages/90/c5/fefc0ac6b86b9108e302e0af1cf57518f46da0baedd60a12170791d56959/simplejson-3.20.2-cp313-cp313-manylinux_2_5_i686.manylinux1_i686.manylinux_2_17_i686.manylinux2014_i686.whl", hash = "sha256:f59a12966daa356bf68927fca5a67bebac0033cd18b96de9c2d426cd11756cd0", size = 148851, upload-time = "2025-09-26T16:28:23.733Z" },
    { url = "https://files.pythonhosted.org/packages/43/f1/b392952200f3393bb06fbc4dd975fc63a6843261705839355560b7264eb2/simplejson-3.20.2-cp313-cp313-manylinux_2_5_x86_64.manylinux1_x86_64.manylinux_2_17_x86_64.manylinux2014_x86_64.whl", hash = "sha256:133ae2098a8e162c71da97cdab1f383afdd91373b7ff5fe65169b04167da976b", size = 152598, upload-time = "2025-09-26T16:28:24.962Z" },
    { url = "https://files.pythonhosted.org/packages/f4/b4/d6b7279e52a3e9c0fa8c032ce6164e593e8d9cf390698ee981ed0864291b/simplejson-3.20.2-cp313-cp313-musllinux_1_2_aarch64.whl", hash = "sha256:7977640af7b7d5e6a852d26622057d428706a550f7f5083e7c4dd010a84d941f", size = 150498, upload-time = "2025-09-26T16:28:26.114Z" },
    { url = "https://files.pythonhosted.org/packages/62/22/ec2490dd859224326d10c2fac1353e8ad5c84121be4837a6dd6638ba4345/simplejson-3.20.2-cp313-cp313-musllinux_1_2_i686.whl", hash = "sha256:b530ad6d55e71fa9e93e1109cf8182f427a6355848a4ffa09f69cc44e1512522", size = 152129, upload-time = "2025-09-26T16:28:27.552Z" },
    { url = "https://files.pythonhosted.org/packages/33/ce/b60214d013e93dd9e5a705dcb2b88b6c72bada442a97f79828332217f3eb/simplejson-3.20.2-cp313-cp313-musllinux_1_2_ppc64le.whl", hash = "sha256:bd96a7d981bf64f0e42345584768da4435c05b24fd3c364663f5fbc8fabf82e3", size = 159359, upload-time = "2025-09-26T16:28:28.667Z" },
    { url = "https://files.pythonhosted.org/packages/99/21/603709455827cdf5b9d83abe726343f542491ca8dc6a2528eb08de0cf034/simplejson-3.20.2-cp313-cp313-musllinux_1_2_x86_64.whl", hash = "sha256:f28ee755fadb426ba2e464d6fcf25d3f152a05eb6b38e0b4f790352f5540c769", size = 154717, upload-time = "2025-09-26T16:28:30.288Z" },
    { url = "https://files.pythonhosted.org/packages/3c/f9/dc7f7a4bac16cf7eb55a4df03ad93190e11826d2a8950052949d3dfc11e2/simplejson-3.20.2-cp313-cp313-win32.whl", hash = "sha256:472785b52e48e3eed9b78b95e26a256f59bb1ee38339be3075dad799e2e1e661", size = 74289, upload-time = "2025-09-26T16:28:31.809Z" },
    { url = "https://files.pythonhosted.org/packages/87/10/d42ad61230436735c68af1120622b28a782877146a83d714da7b6a2a1c4e/simplejson-3.20.2-cp313-cp313-win_amd64.whl", hash = "sha256:a1a85013eb33e4820286139540accbe2c98d2da894b2dcefd280209db508e608", size = 75972, upload-time = "2025-09-26T16:28:32.883Z" },
    { url = "https://files.pythonhosted.org/packages/05/5b/83e1ff87eb60ca706972f7e02e15c0b33396e7bdbd080069a5d1b53cf0d8/simplejson-3.20.2-py3-none-any.whl", hash = "sha256:3b6bb7fb96efd673eac2e4235200bfffdc2353ad12c54117e1e4e2fc485ac017", size = 57309, upload-time = "2025-09-26T16:29:35.312Z" },
]

[[package]]
name = "six"
version = "1.17.0"
source = { registry = "https://pypi.org/simple" }
sdist = { url = "https://files.pythonhosted.org/packages/94/e7/b2c673351809dca68a0e064b6af791aa332cf192da575fd474ed7d6f16a2/six-1.17.0.tar.gz", hash = "sha256:ff70335d468e7eb6ec65b95b99d3a2836546063f63acc5171de367e834932a81", size = 34031, upload-time = "2024-12-04T17:35:28.174Z" }
wheels = [
    { url = "https://files.pythonhosted.org/packages/b7/ce/149a00dd41f10bc29e5921b496af8b574d8413afcd5e30dfa0ed46c2cc5e/six-1.17.0-py2.py3-none-any.whl", hash = "sha256:4721f391ed90541fddacab5acf947aa0d3dc7d27b2e1e8eda2be8970586c3274", size = 11050, upload-time = "2024-12-04T17:35:26.475Z" },
]

[[package]]
name = "snapshot-restore-py"
version = "1.0.0"
source = { registry = "https://pypi.org/simple" }
sdist = { url = "https://files.pythonhosted.org/packages/27/19/2d7584749a7f6d1b4b3a129995b1bc31e70ed9c5ecc323f1ee748b767268/snapshot-restore-py-1.0.0.tar.gz", hash = "sha256:4d27f82fb6f09968f422501e9c3c2dea48a46cd19dc798eb7d6cbc57523c8004", size = 3379, upload-time = "2024-11-13T14:40:22.477Z" }
wheels = [
    { url = "https://files.pythonhosted.org/packages/10/b8/f9da2457e9dfb5872042202d69b329940527672e20cbfdb26610c09e1d8e/snapshot_restore_py-1.0.0-py3-none-any.whl", hash = "sha256:38f99e696793790f54658e71c68c7a8a40cea877c81232b5052383b1301aceba", size = 3782, upload-time = "2024-11-13T14:40:21.33Z" },
]

[[package]]
name = "urllib3"
version = "2.6.3"
source = { registry = "https://pypi.org/simple" }
sdist = { url = "https://files.pythonhosted.org/packages/c7/24/5f1b3bdffd70275f6661c76461e25f024d5a38a46f04aaca912426a2b1d3/urllib3-2.6.3.tar.gz", hash = "sha256:1b62b6884944a57dbe321509ab94fd4d3b307075e0c2eae991ac71ee15ad38ed", size = 435556, upload-time = "2026-01-07T16:24:43.925Z" }
wheels = [
    { url = "https://files.pythonhosted.org/packages/39/08/aaaad47bc4e9dc8c725e68f9d04865dbcb2052843ff09c97b08904852d84/urllib3-2.6.3-py3-none-any.whl", hash = "sha256:bf272323e553dfb2e87d9bfd225ca7b0f467b919d7bbd355436d3fd37cb0acd4", size = 131584, upload-time = "2026-01-07T16:24:42.685Z" },
]

[[package]]
name = "wcwidth"
version = "0.6.0"
source = { registry = "https://pypi.org/simple" }
sdist = { url = "https://files.pythonhosted.org/packages/35/a2/8e3becb46433538a38726c948d3399905a4c7cabd0df578ede5dc51f0ec2/wcwidth-0.6.0.tar.gz", hash = "sha256:cdc4e4262d6ef9a1a57e018384cbeb1208d8abbc64176027e2c2455c81313159", size = 159684, upload-time = "2026-02-06T19:19:40.919Z" }
wheels = [
    { url = "https://files.pythonhosted.org/packages/68/5a/199c59e0a824a3db2b89c5d2dade7ab5f9624dbf6448dc291b46d5ec94d3/wcwidth-0.6.0-py3-none-any.whl", hash = "sha256:1a3a1e510b553315f8e146c54764f4fb6264ffad731b3d78088cdb1478ffbdad", size = 94189, upload-time = "2026-02-06T19:19:39.646Z" },
]
