version = 1
revision = 3
requires-python = "==3.13.*"

[[package]]
name = "certifi"
version = "2026.2.25"
source = { registry = "https://pypi.org/simple" }
sdist = { url = "https://files.pythonhosted.org/packages/af/2d/7bf41579a8986e348fa033a31cdd0e4121114f6bce2457e8876010b092dd/certifi-2026.2.25.tar.gz", hash = "sha256:e887ab5cee78ea814d3472169153c2d12cd43b14bd03329a39a9c6e2e80bfba7", size = 155029, upload-time = "2026-02-25T02:54:17.342Z" }
wheels = [
    { url = "https://files.pythonhosted.org/packages/9a/3c/c17fb3ca2d9c3acff52e30b309f538586f9f5b9c9cf454f3845fc9af4881/certifi-2026.2.25-py3-none-any.whl", hash = "sha256:027692e4402ad994f1c42e52a4997a9763c646b73e4096e4d5d6db8af1d6f0fa", size = 153684, upload-time = "2026-02-25T02:54:15.766Z" },
]

[[package]]
name = "charset-normalizer"
version = "3.4.6"
source = { registry = "https://pypi.org/simple" }
sdist = { url = "https://files.pythonhosted.org/packages/7b/60/e3bec1881450851b087e301bedc3daa9377a4d45f1c26aa90b0b235e38aa/charset_normalizer-3.4.6.tar.gz", hash = "sha256:1ae6b62897110aa7c79ea2f5dd38d1abca6db663687c0b1ad9aed6f6bae3d9d6", size = 143363, upload-time = "2026-03-15T18:53:25.478Z" }
wheels = [
    { url = "https://files.pythonhosted.org/packages/1e/1d/4fdabeef4e231153b6ed7567602f3b68265ec4e5b76d6024cf647d43d981/charset_normalizer-3.4.6-cp313-cp313-macosx_10_13_universal2.whl", hash = "sha256:11afb56037cbc4b1555a34dd69151e8e069bee82e613a73bef6e714ce733585f", size = 294823, upload-time = "2026-03-15T18:51:15.755Z" },
    { url = "https://files.pythonhosted.org/packages/47/7b/20e809b89c69d37be748d98e84dce6820bf663cf19cf6b942c951a3e8f41/charset_normalizer-3.4.6-cp313-cp313-manylinux2014_aarch64.manylinux_2_17_aarch64.manylinux_2_28_aarch64.whl", hash = "sha256:423fb7e748a08f854a08a222b983f4df1912b1daedce51a72bd24fe8f26a1843", size = 198527, upload-time = "2026-03-15T18:51:17.177Z" },
    { url = "https://files.pythonhosted.org/packages/37/a6/4f8d27527d59c039dce6f7622593cdcd3d70a8504d87d09eb11e9fdc6062/charset_normalizer-3.4.6-cp313-cp313-manylinux2014_ppc64le.manylinux_2_17_ppc64le.manylinux_2_28_ppc64le.whl", hash = "sha256:d73beaac5e90173ac3deb9928a74763a6d230f494e4bfb422c217a0ad8e629bf", size = 218388, upload-time = "2026-03-15T18:51:18.934Z" },
    { url = "https://files.pythonhosted.org/packages/f6/9b/4770ccb3e491a9bacf1c46cc8b812214fe367c86a96353ccc6daf87b01ec/charset_normalizer-3.4.6-cp313-cp313-manylinux2014_s390x.manylinux_2_17_s390x.manylinux_2_28_s390x.whl", hash = "sha256:d60377dce4511655582e300dc1e5a5f24ba0cb229005a1d5c8d0cb72bb758ab8", size = 214563, upload-time = "2026-03-15T18:51:20.374Z" },
    { url = "https://files.pythonhosted.org/packages/2b/58/a199d245894b12db0b957d627516c78e055adc3a0d978bc7f65ddaf7c399/charset_normalizer-3.4.6-cp313-cp313-manylinux2014_x86_64.manylinux_2_17_x86_64.manylinux_2_28_x86_64.whl", hash = "sha256:530e8cebeea0d76bdcf93357aa5e41336f48c3dc709ac52da2bb167c5b8271d9", size = 206587, upload-time = "2026-03-15T18:51:21.807Z" },
    { url = "https://files.pythonhosted.org/packages/7e/70/3def227f1ec56f5c69dfc8392b8bd63b11a18ca8178d9211d7cc5e5e4f27/charset_normalizer-3.4.6-cp313-cp313-manylinux_2_31_armv7l.whl", hash = "sha256:a26611d9987b230566f24a0a125f17fe0de6a6aff9f25c9f564aaa2721a5fb88", size = 194724, upload-time = "2026-03-15T18:51:23.508Z" },
    { url = "https://files.pythonhosted.org/packages/58/ab/9318352e220c05efd31c2779a23b50969dc94b985a2efa643ed9077bfca5/charset_normalizer-3.4.6-cp313-cp313-manylinux_2_31_riscv64.manylinux_2_39_riscv64.whl", hash = "sha256:34315ff4fc374b285ad7f4a0bf7dcbfe769e1b104230d40f49f700d4ab6bbd84", size = 202956, upload-time = "2026-03-15T18:51:25.239Z" },
    { url = "https://files.pythonhosted.org/packages/75/13/f3550a3ac25b70f87ac98c40d3199a8503676c2f1620efbf8d42095cfc40/charset_normalizer-3.4.6-cp313-cp313-musllinux_1_2_aarch64.whl", hash = "sha256:5f8ddd609f9e1af8c7bd6e2aca279c931aefecd148a14402d4e368f3171769fd", size = 201923, upload-time = "2026-03-15T18:51:26.682Z" },
    { url = "https://files.pythonhosted.org/packages/1b/db/c5c643b912740b45e8eec21de1bbab8e7fc085944d37e1e709d3dcd9d72f/charset_normalizer-3.4.6-cp313-cp313-musllinux_1_2_armv7l.whl", hash = "sha256:80d0a5615143c0b3225e5e3ef22c8d5d51f3f72ce0ea6fb84c943546c7b25b6c", size = 195366, upload-time = "2026-03-15T18:51:28.129Z" },
    { url = "https://files.pythonhosted.org/packages/5a/67/3b1c62744f9b2448443e0eb160d8b001c849ec3fef591e012eda6484787c/charset_normalizer-3.4.6-cp313-cp313-musllinux_1_2_ppc64le.whl", hash = "sha256:92734d4d8d187a354a556626c221cd1a892a4e0802ccb2af432a1d85ec012194", size = 219752, upload-time = "2026-03-15T18:51:29.556Z" },
    { url = "https://files.pythonhosted.org/packages/f6/98/32ffbaf7f0366ffb0445930b87d103f6b406bc2c271563644bde8a2b1093/charset_normalizer-3.4.6-cp313-cp313-musllinux_1_2_riscv64.whl", hash = "sha256:613f19aa6e082cf96e17e3ffd89383343d0d589abda756b7764cf78361fd41dc", size = 203296, upload-time = "2026-03-15T18:51:30.921Z" },
    { url = "https://files.pythonhosted.org/packages/41/12/5d308c1bbe60cabb0c5ef511574a647067e2a1f631bc8634fcafaccd8293/charset_normalizer-3.4.6-cp313-cp313-musllinux_1_2_s390x.whl", hash = "sha256:2b1a63e8224e401cafe7739f77efd3f9e7f5f2026bda4aead8e59afab537784f", size = 215956, upload-time = "2026-03-15T18:51:32.399Z" },
    { url = "https://files.pythonhosted.org/packages/53/e9/5f85f6c5e20669dbe56b165c67b0260547dea97dba7e187938833d791687/charset_normalizer-3.4.6-cp313-cp313-musllinux_1_2_x86_64.whl", hash = "sha256:6cceb5473417d28edd20c6c984ab6fee6c6267d38d906823ebfe20b03d607dc2", size = 208652, upload-time = "2026-03-15T18:51:34.214Z" },
    { url = "https://files.pythonhosted.org/packages/f1/11/897052ea6af56df3eef3ca94edafee410ca699ca0c7b87960ad19932c55e/charset_normalizer-3.4.6-cp313-cp313-win32.whl", hash = "sha256:d7de2637729c67d67cf87614b566626057e95c303bc0a55ffe391f5205e7003d", size = 143940, upload-time = "2026-03-15T18:51:36.15Z" },
    { url = "https://files.pythonhosted.org/packages/a1/5c/724b6b363603e419829f561c854b87ed7c7e31231a7908708ac086cdf3e2/charset_normalizer-3.4.6-cp313-cp313-win_amd64.whl", hash = "sha256:572d7c822caf521f0525ba1bce1a622a0b85cf47ffbdae6c9c19e3b5ac3c4389", size = 154101, upload-time = "2026-03-15T18:51:37.876Z" },
    { url = "https://files.pythonhosted.org/packages/01/a5/7abf15b4c0968e47020f9ca0935fb3274deb87cb288cd187cad92e8cdffd/charset_normalizer-3.4.6-cp313-cp313-win_arm64.whl", hash = "sha256:a4474d924a47185a06411e0064b803c68be044be2d60e50e8bddcc2649957c1f", size = 143109, upload-time = "2026-03-15T18:51:39.565Z" },
    { url = "https://files.pythonhosted.org/packages/2a/68/687187c7e26cb24ccbd88e5069f5ef00eba804d36dde11d99aad0838ab45/charset_normalizer-3.4.6-py3-none-any.whl", hash = "sha256:947cf925bc916d90adba35a64c82aace04fa39b46b52d4630ece166655905a69", size = 61455, upload-time = "2026-03-15T18:53:23.833Z" },
]

[[package]]
name = "dlc-base-v1"
version = "1.0.0"
source = { virtual = "." }
dependencies = [
    { name = "requests" },
]

[package.metadata]
requires-dist = [{ name = "requests" }]

[[package]]
name = "idna"
version = "3.11"
source = { registry = "https://pypi.org/simple" }
sdist = { url = "https://files.pythonhosted.org/packages/6f/6d/0703ccc57f3a7233505399edb88de3cbd678da106337b9fcde432b65ed60/idna-3.11.tar.gz", hash = "sha256:795dafcc9c04ed0c1fb032c2aa73654d8e8c5023a7df64a53f39190ada629902", size = 194582, upload-time = "2025-10-12T14:55:20.501Z" }
wheels = [
    { url = "https://files.pythonhosted.org/packages/0e/61/66938bbb5fc52dbdf84594873d5b51fb1f7c7794e9c0f5bd885f30bc507b/idna-3.11-py3-none-any.whl", hash = "sha256:771a87f49d9defaf64091e6e6fe9c18d4833f140bd19464795bc32d966ca37ea", size = 71008, upload-time = "2025-10-12T14:55:18.883Z" },
]

[[package]]
name = "requests"
version = "2.33.0"
source = { registry = "https://pypi.org/simple" }
dependencies = [
    { name = "certifi" },
    { name = "charset-normalizer" },
    { name = "idna" },
    { name = "urllib3" },
]
sdist = { url = "https://files.pythonhosted.org/packages/34/64/8860370b167a9721e8956ae116825caff829224fbca0ca6e7bf8ddef8430/requests-2.33.0.tar.gz", hash = "sha256:c7ebc5e8b0f21837386ad0e1c8fe8b829fa5f544d8df3b2253bff14ef29d7652", size = 134232, upload-time = "2026-03-25T15:10:41.586Z" }
wheels = [
    { url = "https://files.pythonhosted.org/packages/56/5d/c814546c2333ceea4ba42262d8c4d55763003e767fa169adc693bd524478/requests-2.33.0-py3-none-any.whl", hash = "sha256:3324635456fa185245e24865e810cecec7b4caf933d7eb133dcde67d48cee69b", size = 65017, upload-time = "2026-03-25T15:10:40.382Z" },
]

[[package]]
name = "urllib3"
version = "2.6.3"
source = { registry = "https://pypi.org/simple" }
sdist = { url = "https://files.pythonhosted.org/packages/c7/24/5f1b3bdffd70275f6661c76461e25f024d5a38a46f04aaca912426a2b1d3/urllib3-2.6.3.tar.gz", hash = "sha256:1b62b6884944a57dbe321509ab94fd4d3b307075e0c2eae991ac71ee15ad38ed", size = 435556, upload-time = "2026-01-07T16:24:43.925Z" }
wheels = [
    { url = "https://files.pythonhosted.org/packages/39/08/aaaad47bc4e9dc8c725e68f9d04865dbcb2052843ff09c97b08904852d84/urllib3-2.6.3-py3-none-any.whl", hash = "sha256:bf272323e553dfb2e87d9bfd225ca7b0f467b919d7bbd355436d3fd37cb0acd4", size = 131584, upload-time = "2026-01-07T16:24:42.685Z" },
]
